
Microsoft Visual Studio Solution File, Format Version 12.00
# Visual Studio Version 17
VisualStudioVersion = 17.14.36429.23 d17.14
MinimumVisualStudioVersion = 10.0.40219.1
Project("{FAE04EC0-301F-11D3-BF4B-00C04F79EFBC}") = "Todo.Core", "Todo.Core\Todo.Core.csproj", "{6A90DE4D-25BD-4E9D-906A-82E57E4F656C}"
EndProject
Project("{FAE04EC0-301F-11D3-BF4B-00C04F79EFBC}") = "Todo.Core.Tests", "Todo.Core.Tests\Todo.Core.Tests.csproj", "{14B88461-1561-4BBF-866A-BDEC48A88D92}"
EndProject
Global
	GlobalSection(SolutionConfigurationPlatforms) = preSolution
		Debug|Any CPU = Debug|Any CPU
		Release|Any CPU = Release|Any CPU
	EndGlobalSection
	GlobalSection(ProjectConfigurationPlatforms) = postSolution
		{6A90DE4D-25BD-4E9D-906A-82E57E4F656C}.Debug|Any CPU.ActiveCfg = Debug|Any CPU
		{6A90DE4D-25BD-4E9D-906A-82E57E4F656C}.Debug|Any CPU.Build.0 = Debug|Any CPU
		{6A90DE4D-25BD-4E9D-906A-82E57E4F656C}.Release|Any CPU.ActiveCfg = Release|Any CPU
		{6A90DE4D-25BD-4E9D-906A-82E57E4F656C}.Release|Any CPU.Build.0 = Release|Any CPU
		{14B88461-1561-4BBF-866A-BDEC48A88D92}.Debug|Any CPU.ActiveCfg = Debug|Any CPU
		{14B88461-1561-4BBF-866A-BDEC48A88D92}.Debug|Any CPU.Build.0 = Debug|Any CPU
		{14B88461-1561-4BBF-866A-BDEC48A88D92}.Release|Any CPU.ActiveCfg = Release|Any CPU
		{14B88461-1561-4BBF-866A-BDEC48A88D92}.Release|Any CPU.Build.0 = Release|Any CPU
	EndGlobalSection
	GlobalSection(SolutionProperties) = preSolution
		HideSolutionNode = FALSE
	EndGlobalSection
	GlobalSection(ExtensibilityGlobals) = postSolution
		SolutionGuid = {EAB96202-DC06-48FB-85B0-BED3BF42C239}
	EndGlobalSection
EndGlobal
